// !$*UTF8*$!
{
	archiveVersion = 1;
	classes = {
	};
	objectVersion = 70;
	objects = {

/* Begin PBXBuildFile section */
		8629C2A72EEB94DF0052A74B /* ArtworkCache.swift in Sources */ = {isa = PBXBuildFile; fileRef = 8629C2A42EEB94DF0052A74B /* ArtworkCache.swift */; };
		8629C2A82EEB94DF0052A74B /* ColorExtractor.swift in Sources */ = {isa = PBXBuildFile; fileRef = 8629C2A62EEB94DF0052A74B /* ColorExtractor.swift */; };
		8629C2A92EEB94DF0052A74B /* AudioMetadataService.swift in Sources */ = {isa = PBXBuildFile; fileRef = 8629C2A52EEB94DF0052A74B /* AudioMetadataService.swift */; };
		8629C2AB2EEBB9710052A74B /* Theme.swift in Sources */ = {isa = PBXBuildFile; fileRef = 8629C2AA2EEBB9710052A74B /* Theme.swift */; };
		8629C2AF2EEBBE9B0052A74B /* WaveformView.swift in Sources */ = {isa = PBXBuildFile; fileRef = 8629C2AE2EEBBE9B0052A74B /* WaveformView.swift */; };
		86662FE52EF7E7D7000577F1 /* EditRecordingView.swift in Sources */ = {isa = PBXBuildFile; fileRef = 86662FE02EF7E7D7000577F1 /* EditRecordingView.swift */; };
		86662FE62EF7E7D7000577F1 /* RecordingView.swift in Sources */ = {isa = PBXBuildFile; fileRef = 86662FE22EF7E7D7000577F1 /* RecordingView.swift */; };
		86662FEC2EF7EAC1000577F1 /* AudioRecorderClient.swift in Sources */ = {isa = PBXBuildFile; fileRef = 86662FEA2EF7EAC1000577F1 /* AudioRecorderClient.swift */; };
		86662FED2EF7EAC1000577F1 /* AudioTrimmerClient.swift in Sources */ = {isa = PBXBuildFile; fileRef = 86662FEB2EF7EAC1000577F1 /* AudioTrimmerClient.swift */; };
		8690789B2EEC9F8D005620F9 /* ArtworkClient.swift in Sources */ = {isa = PBXBuildFile; fileRef = 8690789A2EEC9F8D005620F9 /* ArtworkClient.swift */; };
		8692B7E32EFC094200DFAF7C /* Localizable.xcstrings in Resources */ = {isa = PBXBuildFile; fileRef = 8692B7E22EFC094200DFAF7C /* Localizable.xcstrings */; };
		86A1B2042F1B3F0000A1BEEF /* ShareSheet.swift in Sources */ = {isa = PBXBuildFile; fileRef = 86A1B2032F1B3F0000A1BEEF /* ShareSheet.swift */; };
		86A1B3002F1B4A0100A1BEEF /* FileItemRow.swift in Sources */ = {isa = PBXBuildFile; fileRef = 86A1B3012F1B4A0100A1BEEF /* FileItemRow.swift */; };
		86A1B7012F1C500000A1BEEF /* EmptyStateView.swift in Sources */ = {isa = PBXBuildFile; fileRef = 86A1B7002F1C500000A1BEEF /* EmptyStateView.swift */; };
		A1000001000000000000001 /* SonicPlayerApp.swift in Sources */ = {isa = PBXBuildFile; fileRef = A1000002000000000000001 /* SonicPlayerApp.swift */; };
		A1000005000000000000001 /* AppView.swift in Sources */ = {isa = PBXBuildFile; fileRef = A1000006000000000000001 /* AppView.swift */; };
		A1000009000000000000001 /* PlayerView.swift in Sources */ = {isa = PBXBuildFile; fileRef = A1000010000000000000001 /* PlayerView.swift */; };
		A1000010000000000000002 /* MiniPlayerView.swift in Sources */ = {isa = PBXBuildFile; fileRef = A1000010000000000000003 /* MiniPlayerView.swift */; };
		A1000017000000000000001 /* SettingsView.swift in Sources */ = {isa = PBXBuildFile; fileRef = A1000018000000000000001 /* SettingsView.swift */; };
		A1000019000000000000001 /* AboutView.swift in Sources */ = {isa = PBXBuildFile; fileRef = A1000020000000000000001 /* AboutView.swift */; };
		A1000021000000000000001 /* HelpView.swift in Sources */ = {isa = PBXBuildFile; fileRef = A1000022000000000000001 /* HelpView.swift */; };
		A1000023000000000000001 /* AudioPlayerClient.swift in Sources */ = {isa = PBXBuildFile; fileRef = A1000024000000000000001 /* AudioPlayerClient.swift */; };
		A1000025000000000000001 /* FileManagerClient.swift in Sources */ = {isa = PBXBuildFile; fileRef = A1000026000000000000001 /* FileManagerClient.swift */; };
		A1000027000000000000001 /* AudioFile.swift in Sources */ = {isa = PBXBuildFile; fileRef = A1000028000000000000001 /* AudioFile.swift */; };
		A1000029000000000000001 /* PlaybackSpeed.swift in Sources */ = {isa = PBXBuildFile; fileRef = A1000030000000000000001 /* PlaybackSpeed.swift */; };
		A1000030000000000000002 /* FileSystemItem.swift in Sources */ = {isa = PBXBuildFile; fileRef = A1000030000000000000003 /* FileSystemItem.swift */; };
		A1000031000000000000001 /* ColorPalette.swift in Sources */ = {isa = PBXBuildFile; fileRef = A1000032000000000000001 /* ColorPalette.swift */; };
		A1000033000000000000001 /* Assets.xcassets in Resources */ = {isa = PBXBuildFile; fileRef = A1000034000000000000001 /* Assets.xcassets */; };
		A1000097000000000000001 /* AppViewModel.swift in Sources */ = {isa = PBXBuildFile; fileRef = A1000096000000000000001 /* AppViewModel.swift */; };
		A2000001000000000000001 /* CollectionsView.swift in Sources */ = {isa = PBXBuildFile; fileRef = A2000002000000000000001 /* CollectionsView.swift */; };
		A3000009000000000000001 /* CollectionsSection.swift in Sources */ = {isa = PBXBuildFile; fileRef = A3000010000000000000001 /* CollectionsSection.swift */; };
		A4000009000000000000002 /* OnboardingView.swift in Sources */ = {isa = PBXBuildFile; fileRef = A4000010000000000000002 /* OnboardingView.swift */; };
		A5000001000000000000001 /* ScreenshotMode.swift in Sources */ = {isa = PBXBuildFile; fileRef = A5000002000000000000001 /* ScreenshotMode.swift */; };
		A5000009000000000000001 /* AudioWaveformExtractor.swift in Sources */ = {isa = PBXBuildFile; fileRef = A5000010000000000000001 /* AudioWaveformExtractor.swift */; };
		A6000009000000000000001 /* SwipeToDelete.swift in Sources */ = {isa = PBXBuildFile; fileRef = A6000010000000000000001 /* SwipeToDelete.swift */; };
		A7000009000000000000001 /* MediaFileRowView.swift in Sources */ = {isa = PBXBuildFile; fileRef = A7000010000000000000001 /* MediaFileRowView.swift */; };
		A8000009000000000000001 /* InAppCollectionPicker.swift in Sources */ = {isa = PBXBuildFile; fileRef = A8000010000000000000001 /* InAppCollectionPicker.swift */; };
		A8000099000000000000001 /* OpenInImport.swift in Sources */ = {isa = PBXBuildFile; fileRef = A8000098000000000000001 /* OpenInImport.swift */; };
		A9000001000000000000001 /* UniqueNameResolver.swift in Sources */ = {isa = PBXBuildFile; fileRef = A9000010000000000000001 /* UniqueNameResolver.swift */; };
		A9000002000000000000001 /* PathMatching.swift in Sources */ = {isa = PBXBuildFile; fileRef = A9000011000000000000001 /* PathMatching.swift */; };
		A9000003000000000000001 /* QueueMath.swift in Sources */ = {isa = PBXBuildFile; fileRef = A9000012000000000000001 /* QueueMath.swift */; };
		A9000004000000000000001 /* PlaybackSession.swift in Sources */ = {isa = PBXBuildFile; fileRef = A9000013000000000000001 /* PlaybackSession.swift */; };
		A9000005000000000000001 /* SessionCodec.swift in Sources */ = {isa = PBXBuildFile; fileRef = A9000014000000000000001 /* SessionCodec.swift */; };
		A9000006000000000000001 /* SessionRestorePolicy.swift in Sources */ = {isa = PBXBuildFile; fileRef = A9000015000000000000001 /* SessionRestorePolicy.swift */; };
		A9000007000000000000001 /* RecordingFilename.swift in Sources */ = {isa = PBXBuildFile; fileRef = A9000016000000000000001 /* RecordingFilename.swift */; };
		A9000008000000000000001 /* ScrubClamp.swift in Sources */ = {isa = PBXBuildFile; fileRef = A9000017000000000000001 /* ScrubClamp.swift */; };
		A9000009000000000000001 /* SelectionSet.swift in Sources */ = {isa = PBXBuildFile; fileRef = A9000018000000000000001 /* SelectionSet.swift */; };
		A9000095000000000000001 /* QuickAction.swift in Sources */ = {isa = PBXBuildFile; fileRef = A9000094000000000000001 /* QuickAction.swift */; };
		AA000001000000000000001 /* SettingsDefaults.swift in Sources */ = {isa = PBXBuildFile; fileRef = AA000010000000000000001 /* SettingsDefaults.swift */; };
		AA000002000000000000001 /* SettingsViewModel.swift in Sources */ = {isa = PBXBuildFile; fileRef = AA000011000000000000001 /* SettingsViewModel.swift */; };
		AA000003000000000000001 /* OnboardingViewModel.swift in Sources */ = {isa = PBXBuildFile; fileRef = AA000012000000000000001 /* OnboardingViewModel.swift */; };
		AB000001000000000000001 /* SessionStore.swift in Sources */ = {isa = PBXBuildFile; fileRef = AB000010000000000000001 /* SessionStore.swift */; };
		AB000002000000000000001 /* PlayerViewModel.swift in Sources */ = {isa = PBXBuildFile; fileRef = AB000011000000000000001 /* PlayerViewModel.swift */; };
		AB000003000000000000001 /* HomeViewModel.swift in Sources */ = {isa = PBXBuildFile; fileRef = AB000012000000000000001 /* HomeViewModel.swift */; };
		AB000020000000000000001 /* RecordingViewModel.swift in Sources */ = {isa = PBXBuildFile; fileRef = AB000021000000000000001 /* RecordingViewModel.swift */; };
		AB000022000000000000001 /* EditRecordingViewModel.swift in Sources */ = {isa = PBXBuildFile; fileRef = AB000023000000000000001 /* EditRecordingViewModel.swift */; };
		AB000030000000000000001 /* CollectionsViewModel.swift in Sources */ = {isa = PBXBuildFile; fileRef = AB000031000000000000001 /* CollectionsViewModel.swift */; };
		AB000032000000000000001 /* FolderImport.swift in Sources */ = {isa = PBXBuildFile; fileRef = AB000033000000000000001 /* FolderImport.swift */; };
		AB000034000000000000001 /* ImportFilter.swift in Sources */ = {isa = PBXBuildFile; fileRef = AB000035000000000000001 /* ImportFilter.swift */; };
/* End PBXBuildFile section */

/* Begin PBXContainerItemProxy section */
		9FD073A530248C9F0007DEBD /* PBXContainerItemProxy */ = {
			isa = PBXContainerItemProxy;
			containerPortal = A1000056000000000000001 /* Project object */;
			proxyType = 1;
			remoteGlobalIDString = A1000052000000000000001;
			remoteInfo = SonicPlayer;
		};
/* End PBXContainerItemProxy section */

/* Begin PBXFileReference section */
		8629C2A42EEB94DF0052A74B /* ArtworkCache.swift */ = {isa = PBXFileReference; lastKnownFileType = sourcecode.swift; path = ArtworkCache.swift; sourceTree = "<group>"; };
		8629C2A52EEB94DF0052A74B /* AudioMetadataService.swift */ = {isa = PBXFileReference; lastKnownFileType = sourcecode.swift; path = AudioMetadataService.swift; sourceTree = "<group>"; };
		8629C2A62EEB94DF0052A74B /* ColorExtractor.swift */ = {isa = PBXFileReference; lastKnownFileType = sourcecode.swift; path = ColorExtractor.swift; sourceTree = "<group>"; };
		8629C2AA2EEBB9710052A74B /* Theme.swift */ = {isa = PBXFileReference; lastKnownFileType = sourcecode.swift; path = Theme.swift; sourceTree = "<group>"; };
		8629C2AE2EEBBE9B0052A74B /* WaveformView.swift */ = {isa = PBXFileReference; lastKnownFileType = sourcecode.swift; path = WaveformView.swift; sourceTree = "<group>"; };
		86662FE02EF7E7D7000577F1 /* EditRecordingView.swift */ = {isa = PBXFileReference; lastKnownFileType = sourcecode.swift; path = EditRecordingView.swift; sourceTree = "<group>"; xcLanguageSpecificationIdentifier = xcode.lang.plist; };
		86662FE22EF7E7D7000577F1 /* RecordingView.swift */ = {isa = PBXFileReference; lastKnownFileType = sourcecode.swift; path = RecordingView.swift; sourceTree = "<group>"; };
		86662FEA2EF7EAC1000577F1 /* AudioRecorderClient.swift */ = {isa = PBXFileReference; lastKnownFileType = sourcecode.swift; path = AudioRecorderClient.swift; sourceTree = "<group>"; };
		86662FEB2EF7EAC1000577F1 /* AudioTrimmerClient.swift */ = {isa = PBXFileReference; lastKnownFileType = sourcecode.swift; path = AudioTrimmerClient.swift; sourceTree = "<group>"; };
		8690789A2EEC9F8D005620F9 /* ArtworkClient.swift */ = {isa = PBXFileReference; lastKnownFileType = sourcecode.swift; path = ArtworkClient.swift; sourceTree = "<group>"; };
		8692B7E22EFC094200DFAF7C /* Localizable.xcstrings */ = {isa = PBXFileReference; lastKnownFileType = text.json.xcstrings; path = Localizable.xcstrings; sourceTree = "<group>"; };
		86A1B2032F1B3F0000A1BEEF /* ShareSheet.swift */ = {isa = PBXFileReference; lastKnownFileType = sourcecode.swift; path = ShareSheet.swift; sourceTree = "<group>"; };
		86A1B3012F1B4A0100A1BEEF /* FileItemRow.swift */ = {isa = PBXFileReference; lastKnownFileType = sourcecode.swift; path = FileItemRow.swift; sourceTree = "<group>"; };
		86A1B7002F1C500000A1BEEF /* EmptyStateView.swift */ = {isa = PBXFileReference; lastKnownFileType = sourcecode.swift; path = EmptyStateView.swift; sourceTree = "<group>"; };
		9FD073A130248C9F0007DEBD /* SonicPlayerTests.xctest */ = {isa = PBXFileReference; explicitFileType = wrapper.cfbundle; includeInIndex = 0; path = SonicPlayerTests.xctest; sourceTree = BUILT_PRODUCTS_DIR; };
		A1000002000000000000001 /* SonicPlayerApp.swift */ = {isa = PBXFileReference; lastKnownFileType = sourcecode.swift; path = SonicPlayerApp.swift; sourceTree = "<group>"; };
		A1000006000000000000001 /* AppView.swift */ = {isa = PBXFileReference; lastKnownFileType = sourcecode.swift; path = AppView.swift; sourceTree = "<group>"; };
		A1000010000000000000001 /* PlayerView.swift */ = {isa = PBXFileReference; lastKnownFileType = sourcecode.swift; path = PlayerView.swift; sourceTree = "<group>"; };
		A1000010000000000000003 /* MiniPlayerView.swift */ = {isa = PBXFileReference; lastKnownFileType = sourcecode.swift; path = MiniPlayerView.swift; sourceTree = "<group>"; };
		A1000018000000000000001 /* SettingsView.swift */ = {isa = PBXFileReference; lastKnownFileType = sourcecode.swift; path = SettingsView.swift; sourceTree = "<group>"; };
		A1000020000000000000001 /* AboutView.swift */ = {isa = PBXFileReference; lastKnownFileType = sourcecode.swift; path = AboutView.swift; sourceTree = "<group>"; };
		A1000022000000000000001 /* HelpView.swift */ = {isa = PBXFileReference; lastKnownFileType = sourcecode.swift; path = HelpView.swift; sourceTree = "<group>"; };
		A1000024000000000000001 /* AudioPlayerClient.swift */ = {isa = PBXFileReference; lastKnownFileType = sourcecode.swift; path = AudioPlayerClient.swift; sourceTree = "<group>"; };
		A1000026000000000000001 /* FileManagerClient.swift */ = {isa = PBXFileReference; lastKnownFileType = sourcecode.swift; path = FileManagerClient.swift; sourceTree = "<group>"; };
		A1000028000000000000001 /* AudioFile.swift */ = {isa = PBXFileReference; lastKnownFileType = sourcecode.swift; path = AudioFile.swift; sourceTree = "<group>"; };
		A1000030000000000000001 /* PlaybackSpeed.swift */ = {isa = PBXFileReference; lastKnownFileType = sourcecode.swift; path = PlaybackSpeed.swift; sourceTree = "<group>"; };
		A1000030000000000000003 /* FileSystemItem.swift */ = {isa = PBXFileReference; lastKnownFileType = sourcecode.swift; path = FileSystemItem.swift; sourceTree = "<group>"; };
		A1000032000000000000001 /* ColorPalette.swift */ = {isa = PBXFileReference; lastKnownFileType = sourcecode.swift; path = ColorPalette.swift; sourceTree = "<group>"; };
		A1000034000000000000001 /* Assets.xcassets */ = {isa = PBXFileReference; lastKnownFileType = folder.assetcatalog; path = Assets.xcassets; sourceTree = "<group>"; };
		A1000037000000000000001 /* SonicPlayer.app */ = {isa = PBXFileReference; explicitFileType = wrapper.application; includeInIndex = 0; path = SonicPlayer.app; sourceTree = BUILT_PRODUCTS_DIR; };
		A1000038000000000000001 /* Info.plist */ = {isa = PBXFileReference; lastKnownFileType = text.plist.xml; path = Info.plist; sourceTree = "<group>"; };
		A1000039000000000000002 /* SonicPlayer.entitlements */ = {isa = PBXFileReference; lastKnownFileType = text.plist.entitlements; path = SonicPlayer.entitlements; sourceTree = "<group>"; };
		A1000096000000000000001 /* AppViewModel.swift */ = {isa = PBXFileReference; lastKnownFileType = sourcecode.swift; path = AppViewModel.swift; sourceTree = "<group>"; };
		A2000002000000000000001 /* CollectionsView.swift */ = {isa = PBXFileReference; lastKnownFileType = sourcecode.swift; path = CollectionsView.swift; sourceTree = "<group>"; };
		A3000010000000000000001 /* CollectionsSection.swift */ = {isa = PBXFileReference; lastKnownFileType = sourcecode.swift; path = CollectionsSection.swift; sourceTree = "<group>"; };
		A4000010000000000000002 /* OnboardingView.swift */ = {isa = PBXFileReference; lastKnownFileType = sourcecode.swift; path = OnboardingView.swift; sourceTree = "<group>"; };
		A5000002000000000000001 /* ScreenshotMode.swift */ = {isa = PBXFileReference; lastKnownFileType = sourcecode.swift; path = ScreenshotMode.swift; sourceTree = "<group>"; };
		A5000010000000000000001 /* AudioWaveformExtractor.swift */ = {isa = PBXFileReference; lastKnownFileType = sourcecode.swift; path = AudioWaveformExtractor.swift; sourceTree = "<group>"; };
		A6000010000000000000001 /* SwipeToDelete.swift */ = {isa = PBXFileReference; lastKnownFileType = sourcecode.swift; path = SwipeToDelete.swift; sourceTree = "<group>"; };
		A7000010000000000000001 /* MediaFileRowView.swift */ = {isa = PBXFileReference; lastKnownFileType = sourcecode.swift; path = MediaFileRowView.swift; sourceTree = "<group>"; };
		A8000010000000000000001 /* InAppCollectionPicker.swift */ = {isa = PBXFileReference; lastKnownFileType = sourcecode.swift; path = InAppCollectionPicker.swift; sourceTree = "<group>"; };
		A8000098000000000000001 /* OpenInImport.swift */ = {isa = PBXFileReference; lastKnownFileType = sourcecode.swift; path = OpenInImport.swift; sourceTree = "<group>"; };
		A9000010000000000000001 /* UniqueNameResolver.swift */ = {isa = PBXFileReference; lastKnownFileType = sourcecode.swift; path = UniqueNameResolver.swift; sourceTree = "<group>"; };
		A9000011000000000000001 /* PathMatching.swift */ = {isa = PBXFileReference; lastKnownFileType = sourcecode.swift; path = PathMatching.swift; sourceTree = "<group>"; };
		A9000012000000000000001 /* QueueMath.swift */ = {isa = PBXFileReference; lastKnownFileType = sourcecode.swift; path = QueueMath.swift; sourceTree = "<group>"; };
		A9000013000000000000001 /* PlaybackSession.swift */ = {isa = PBXFileReference; lastKnownFileType = sourcecode.swift; path = PlaybackSession.swift; sourceTree = "<group>"; };
		A9000014000000000000001 /* SessionCodec.swift */ = {isa = PBXFileReference; lastKnownFileType = sourcecode.swift; path = SessionCodec.swift; sourceTree = "<group>"; };
		A9000015000000000000001 /* SessionRestorePolicy.swift */ = {isa = PBXFileReference; lastKnownFileType = sourcecode.swift; path = SessionRestorePolicy.swift; sourceTree = "<group>"; };
		A9000016000000000000001 /* RecordingFilename.swift */ = {isa = PBXFileReference; lastKnownFileType = sourcecode.swift; path = RecordingFilename.swift; sourceTree = "<group>"; };
		A9000017000000000000001 /* ScrubClamp.swift */ = {isa = PBXFileReference; lastKnownFileType = sourcecode.swift; path = ScrubClamp.swift; sourceTree = "<group>"; };
		A9000018000000000000001 /* SelectionSet.swift */ = {isa = PBXFileReference; lastKnownFileType = sourcecode.swift; path = SelectionSet.swift; sourceTree = "<group>"; };
		A9000094000000000000001 /* QuickAction.swift */ = {isa = PBXFileReference; lastKnownFileType = sourcecode.swift; path = QuickAction.swift; sourceTree = "<group>"; };
		AA000010000000000000001 /* SettingsDefaults.swift */ = {isa = PBXFileReference; lastKnownFileType = sourcecode.swift; path = SettingsDefaults.swift; sourceTree = "<group>"; };
		AA000011000000000000001 /* SettingsViewModel.swift */ = {isa = PBXFileReference; lastKnownFileType = sourcecode.swift; path = SettingsViewModel.swift; sourceTree = "<group>"; };
		AA000012000000000000001 /* OnboardingViewModel.swift */ = {isa = PBXFileReference; lastKnownFileType = sourcecode.swift; path = OnboardingViewModel.swift; sourceTree = "<group>"; };
		AB000010000000000000001 /* SessionStore.swift */ = {isa = PBXFileReference; lastKnownFileType = sourcecode.swift; path = SessionStore.swift; sourceTree = "<group>"; };
		AB000011000000000000001 /* PlayerViewModel.swift */ = {isa = PBXFileReference; lastKnownFileType = sourcecode.swift; path = PlayerViewModel.swift; sourceTree = "<group>"; };
		AB000012000000000000001 /* HomeViewModel.swift */ = {isa = PBXFileReference; lastKnownFileType = sourcecode.swift; path = HomeViewModel.swift; sourceTree = "<group>"; };
		AB000021000000000000001 /* RecordingViewModel.swift */ = {isa = PBXFileReference; lastKnownFileType = sourcecode.swift; path = RecordingViewModel.swift; sourceTree = "<group>"; };
		AB000023000000000000001 /* EditRecordingViewModel.swift */ = {isa = PBXFileReference; lastKnownFileType = sourcecode.swift; path = EditRecordingViewModel.swift; sourceTree = "<group>"; };
		AB000031000000000000001 /* CollectionsViewModel.swift */ = {isa = PBXFileReference; lastKnownFileType = sourcecode.swift; path = CollectionsViewModel.swift; sourceTree = "<group>"; };
		AB000033000000000000001 /* FolderImport.swift */ = {isa = PBXFileReference; lastKnownFileType = sourcecode.swift; path = FolderImport.swift; sourceTree = "<group>"; };
		AB000035000000000000001 /* ImportFilter.swift */ = {isa = PBXFileReference; lastKnownFileType = sourcecode.swift; path = ImportFilter.swift; sourceTree = "<group>"; };
/* End PBXFileReference section */

/* Begin PBXFileSystemSynchronizedRootGroup section */
		9FD073A230248C9F0007DEBD /* SonicPlayerTests */ = {isa = PBXFileSystemSynchronizedRootGroup; explicitFileTypes = {}; explicitFolders = (); path = SonicPlayerTests; sourceTree = "<group>"; };
/* End PBXFileSystemSynchronizedRootGroup section */

/* Begin PBXFrameworksBuildPhase section */
		9FD0739E30248C9F0007DEBD /* Frameworks */ = {
			isa = PBXFrameworksBuildPhase;
			buildActionMask = 2147483647;
			files = (
			);
			runOnlyForDeploymentPostprocessing = 0;
		};
		A1000039000000000000001 /* Frameworks */ = {
			isa = PBXFrameworksBuildPhase;
			buildActionMask = 2147483647;
			files = (
			);
			runOnlyForDeploymentPostprocessing = 0;
		};
/* End PBXFrameworksBuildPhase section */

/* Begin PBXGroup section */
		8629C23A2EEA25340052A74B /* Home */ = {
			isa = PBXGroup;
			children = (
				AB000012000000000000001 /* HomeViewModel.swift */,
			);
			path = Home;
			sourceTree = "<group>";
		};
		86662FE32EF7E7D7000577F1 /* Recording */ = {
			isa = PBXGroup;
			children = (
				86662FE02EF7E7D7000577F1 /* EditRecordingView.swift */,
				AB000021000000000000001 /* RecordingViewModel.swift */,
				AB000023000000000000001 /* EditRecordingViewModel.swift */,
				86662FE22EF7E7D7000577F1 /* RecordingView.swift */,
			);
			path = Recording;
			sourceTree = "<group>";
		};
		A1000040000000000000001 = {
			isa = PBXGroup;
			children = (
				A1000041000000000000001 /* SonicPlayer */,
				9FD073A230248C9F0007DEBD /* SonicPlayerTests */,
				A1000042000000000000001 /* Products */,
			);
			sourceTree = "<group>";
		};
		A1000041000000000000001 /* SonicPlayer */ = {
			isa = PBXGroup;
			children = (
				A1000038000000000000001 /* Info.plist */,
				A1000039000000000000002 /* SonicPlayer.entitlements */,
				A1000043000000000000001 /* App */,
				A1000044000000000000001 /* Features */,
				A1000045000000000000001 /* Clients */,
				A1000046000000000000001 /* Models */,
				A9000020000000000000001 /* Domain */,
				A1000047000000000000001 /* Utilities */,
				A1000048000000000000001 /* Resources */,
			);
			path = SonicPlayer;
			sourceTree = "<group>";
		};
		A1000042000000000000001 /* Products */ = {
			isa = PBXGroup;
			children = (
				A1000037000000000000001 /* SonicPlayer.app */,
				9FD073A130248C9F0007DEBD /* SonicPlayerTests.xctest */,
			);
			name = Products;
			sourceTree = "<group>";
		};
		A1000043000000000000001 /* App */ = {
			isa = PBXGroup;
			children = (
				A1000002000000000000001 /* SonicPlayerApp.swift */,
				A1000006000000000000001 /* AppView.swift */,
				A1000096000000000000001 /* AppViewModel.swift */,
				AA000012000000000000001 /* OnboardingViewModel.swift */,
				A4000010000000000000002 /* OnboardingView.swift */,
				A3000010000000000000001 /* CollectionsSection.swift */,
				A5000002000000000000001 /* ScreenshotMode.swift */,
			);
			path = App;
			sourceTree = "<group>";
		};
		A1000044000000000000001 /* Features */ = {
			isa = PBXGroup;
			children = (
				86662FE32EF7E7D7000577F1 /* Recording */,
				A1000049000000000000001 /* Player */,
				A1000050000000000000001 /* Files */,
				A1000051000000000000001 /* Settings */,
				8629C23A2EEA25340052A74B /* Home */,
			);
			path = Features;
			sourceTree = "<group>";
		};
		A1000045000000000000001 /* Clients */ = {
			isa = PBXGroup;
			children = (
				86662FEA2EF7EAC1000577F1 /* AudioRecorderClient.swift */,
				86662FEB2EF7EAC1000577F1 /* AudioTrimmerClient.swift */,
				8690789A2EEC9F8D005620F9 /* ArtworkClient.swift */,
				A1000024000000000000001 /* AudioPlayerClient.swift */,
				A1000026000000000000001 /* FileManagerClient.swift */,
			);
			path = Clients;
			sourceTree = "<group>";
		};
		A1000046000000000000001 /* Models */ = {
			isa = PBXGroup;
			children = (
				A1000028000000000000001 /* AudioFile.swift */,
				A1000030000000000000001 /* PlaybackSpeed.swift */,
				A1000030000000000000003 /* FileSystemItem.swift */,
			);
			path = Models;
			sourceTree = "<group>";
		};
		A1000047000000000000001 /* Utilities */ = {
			isa = PBXGroup;
			children = (
				86A1B2032F1B3F0000A1BEEF /* ShareSheet.swift */,
				86A1B7002F1C500000A1BEEF /* EmptyStateView.swift */,
				8629C2AE2EEBBE9B0052A74B /* WaveformView.swift */,
				A6000010000000000000001 /* SwipeToDelete.swift */,
				A5000010000000000000001 /* AudioWaveformExtractor.swift */,
				8629C2AA2EEBB9710052A74B /* Theme.swift */,
				8629C2A42EEB94DF0052A74B /* ArtworkCache.swift */,
				8629C2A52EEB94DF0052A74B /* AudioMetadataService.swift */,
				8629C2A62EEB94DF0052A74B /* ColorExtractor.swift */,
				A1000032000000000000001 /* ColorPalette.swift */,
			);
			path = Utilities;
			sourceTree = "<group>";
		};
		A1000048000000000000001 /* Resources */ = {
			isa = PBXGroup;
			children = (
				8692B7E22EFC094200DFAF7C /* Localizable.xcstrings */,
				A1000034000000000000001 /* Assets.xcassets */,
			);
			path = Resources;
			sourceTree = "<group>";
		};
		A1000049000000000000001 /* Player */ = {
			isa = PBXGroup;
			children = (
				AB000011000000000000001 /* PlayerViewModel.swift */,
				A1000010000000000000001 /* PlayerView.swift */,
				A1000010000000000000003 /* MiniPlayerView.swift */,
			);
			path = Player;
			sourceTree = "<group>";
		};
		A1000050000000000000001 /* Files */ = {
			isa = PBXGroup;
			children = (
				A7000010000000000000001 /* MediaFileRowView.swift */,
				A8000010000000000000001 /* InAppCollectionPicker.swift */,
				A8000098000000000000001 /* OpenInImport.swift */,
				86A1B3012F1B4A0100A1BEEF /* FileItemRow.swift */,
				AB000031000000000000001 /* CollectionsViewModel.swift */,
				AB000033000000000000001 /* FolderImport.swift */,
				A2000002000000000000001 /* CollectionsView.swift */,
			);
			path = Files;
			sourceTree = "<group>";
		};
		A1000051000000000000001 /* Settings */ = {
			isa = PBXGroup;
			children = (
				A1000020000000000000001 /* AboutView.swift */,
				A1000022000000000000001 /* HelpView.swift */,
				A1000018000000000000001 /* SettingsView.swift */,
				AA000011000000000000001 /* SettingsViewModel.swift */,
				AA000010000000000000001 /* SettingsDefaults.swift */,
			);
			path = Settings;
			sourceTree = "<group>";
		};
		A9000020000000000000001 /* Domain */ = {
			isa = PBXGroup;
			children = (
				A9000010000000000000001 /* UniqueNameResolver.swift */,
				AB000010000000000000001 /* SessionStore.swift */,
				A9000016000000000000001 /* RecordingFilename.swift */,
				A9000015000000000000001 /* SessionRestorePolicy.swift */,
				A9000014000000000000001 /* SessionCodec.swift */,
				A9000013000000000000001 /* PlaybackSession.swift */,
				A9000012000000000000001 /* QueueMath.swift */,
				AB000035000000000000001 /* ImportFilter.swift */,
				A9000011000000000000001 /* PathMatching.swift */,
				A9000017000000000000001 /* ScrubClamp.swift */,
				A9000018000000000000001 /* SelectionSet.swift */,
				A9000094000000000000001 /* QuickAction.swift */,
			);
			path = Domain;
			sourceTree = "<group>";
		};
/* End PBXGroup section */

/* Begin PBXNativeTarget section */
		9FD073A030248C9F0007DEBD /* SonicPlayerTests */ = {
			isa = PBXNativeTarget;
			buildConfigurationList = 9FD073A930248C9F0007DEBD /* Build configuration list for PBXNativeTarget "SonicPlayerTests" */;
			buildPhases = (
				9FD0739D30248C9F0007DEBD /* Sources */,
				9FD0739E30248C9F0007DEBD /* Frameworks */,
				9FD0739F30248C9F0007DEBD /* Resources */,
			);
			buildRules = (
			);
			dependencies = (
				9FD073A630248C9F0007DEBD /* PBXTargetDependency */,
			);
			fileSystemSynchronizedGroups = (
				9FD073A230248C9F0007DEBD /* SonicPlayerTests */,
			);
			name = SonicPlayerTests;
			packageProductDependencies = (
			);
			productName = SonicPlayerTests;
			productReference = 9FD073A130248C9F0007DEBD /* SonicPlayerTests.xctest */;
			productType = "com.apple.product-type.bundle.unit-test";
		};
		A1000052000000000000001 /* SonicPlayer */ = {
			isa = PBXNativeTarget;
			buildConfigurationList = A1000053000000000000001 /* Build configuration list for PBXNativeTarget "SonicPlayer" */;
			buildPhases = (
				A1000054000000000000001 /* Sources */,
				A1000039000000000000001 /* Frameworks */,
				A1000055000000000000001 /* Resources */,
			);
			buildRules = (
			);
			dependencies = (
			);
			name = SonicPlayer;
			packageProductDependencies = (
			);
			productName = SonicPlayer;
			productReference = A1000037000000000000001 /* SonicPlayer.app */;
			productType = "com.apple.product-type.application";
		};
/* End PBXNativeTarget section */

/* Begin PBXProject section */
		A1000056000000000000001 /* Project object */ = {
			isa = PBXProject;
			attributes = {
				BuildIndependentTargetsInParallel = 1;
				LastSwiftUpdateCheck = 2700;
				LastUpgradeCheck = 2700;
				TargetAttributes = {
					9FD073A030248C9F0007DEBD = {
						CreatedOnToolsVersion = 27.0;
						TestTargetID = A1000052000000000000001;
					};
					A1000052000000000000001 = {
						CreatedOnToolsVersion = 15.0;
					};
				};
			};
			buildConfigurationList = A1000057000000000000001 /* Build configuration list for PBXProject "SonicPlayer" */;
			compatibilityVersion = "Xcode 14.0";
			developmentRegion = en;
			hasScannedForEncodings = 0;
			knownRegions = (
				en,
				Base,
				"zh-Hans",
				hi,
				es,
				fr,
				ar,
				bn,
				pt,
				ru,
			);
			mainGroup = A1000040000000000000001;
			packageReferences = (
			);
			productRefGroup = A1000042000000000000001 /* Products */;
			projectDirPath = "";
			projectRoot = "";
			targets = (
				A1000052000000000000001 /* SonicPlayer */,
				9FD073A030248C9F0007DEBD /* SonicPlayerTests */,
			);
		};
/* End PBXProject section */

/* Begin PBXResourcesBuildPhase section */
		9FD0739F30248C9F0007DEBD /* Resources */ = {
			isa = PBXResourcesBuildPhase;
			buildActionMask = 2147483647;
			files = (
			);
			runOnlyForDeploymentPostprocessing = 0;
		};
		A1000055000000000000001 /* Resources */ = {
			isa = PBXResourcesBuildPhase;
			buildActionMask = 2147483647;
			files = (
				A1000033000000000000001 /* Assets.xcassets in Resources */,
				8692B7E32EFC094200DFAF7C /* Localizable.xcstrings in Resources */,
			);
			runOnlyForDeploymentPostprocessing = 0;
		};
/* End PBXResourcesBuildPhase section */

/* Begin PBXSourcesBuildPhase section */
		9FD0739D30248C9F0007DEBD /* Sources */ = {
			isa = PBXSourcesBuildPhase;
			buildActionMask = 2147483647;
			files = (
			);
			runOnlyForDeploymentPostprocessing = 0;
		};
		A1000054000000000000001 /* Sources */ = {
			isa = PBXSourcesBuildPhase;
			buildActionMask = 2147483647;
			files = (
				8629C2AB2EEBB9710052A74B /* Theme.swift in Sources */,
				A1000001000000000000001 /* SonicPlayerApp.swift in Sources */,
				A1000005000000000000001 /* AppView.swift in Sources */,
				A1000097000000000000001 /* AppViewModel.swift in Sources */,
				A4000009000000000000002 /* OnboardingView.swift in Sources */,
				A3000009000000000000001 /* CollectionsSection.swift in Sources */,
				A5000001000000000000001 /* ScreenshotMode.swift in Sources */,
				A1000009000000000000001 /* PlayerView.swift in Sources */,
				A1000010000000000000002 /* MiniPlayerView.swift in Sources */,
				A7000009000000000000001 /* MediaFileRowView.swift in Sources */,
				A8000009000000000000001 /* InAppCollectionPicker.swift in Sources */,
				A8000099000000000000001 /* OpenInImport.swift in Sources */,
				86A1B3002F1B4A0100A1BEEF /* FileItemRow.swift in Sources */,
				AB000030000000000000001 /* CollectionsViewModel.swift in Sources */,
				AB000032000000000000001 /* FolderImport.swift in Sources */,
				A2000001000000000000001 /* CollectionsView.swift in Sources */,
				A1000019000000000000001 /* AboutView.swift in Sources */,
				A1000021000000000000001 /* HelpView.swift in Sources */,
				A1000017000000000000001 /* SettingsView.swift in Sources */,
				A1000023000000000000001 /* AudioPlayerClient.swift in Sources */,
				8629C2A72EEB94DF0052A74B /* ArtworkCache.swift in Sources */,
				8629C2A82EEB94DF0052A74B /* ColorExtractor.swift in Sources */,
				8629C2A92EEB94DF0052A74B /* AudioMetadataService.swift in Sources */,
				86A1B2042F1B3F0000A1BEEF /* ShareSheet.swift in Sources */,
				86A1B7012F1C500000A1BEEF /* EmptyStateView.swift in Sources */,
				A1000025000000000000001 /* FileManagerClient.swift in Sources */,
				8629C2AF2EEBBE9B0052A74B /* WaveformView.swift in Sources */,
				A6000009000000000000001 /* SwipeToDelete.swift in Sources */,
				A5000009000000000000001 /* AudioWaveformExtractor.swift in Sources */,
				AB000020000000000000001 /* RecordingViewModel.swift in Sources */,
				AB000022000000000000001 /* EditRecordingViewModel.swift in Sources */,
				86662FE52EF7E7D7000577F1 /* EditRecordingView.swift in Sources */,
				86662FE62EF7E7D7000577F1 /* RecordingView.swift in Sources */,
				A1000027000000000000001 /* AudioFile.swift in Sources */,
				A1000029000000000000001 /* PlaybackSpeed.swift in Sources */,
				A1000030000000000000002 /* FileSystemItem.swift in Sources */,
				A1000031000000000000001 /* ColorPalette.swift in Sources */,
				AB000003000000000000001 /* HomeViewModel.swift in Sources */,
				AB000002000000000000001 /* PlayerViewModel.swift in Sources */,
				AB000001000000000000001 /* SessionStore.swift in Sources */,
				AA000003000000000000001 /* OnboardingViewModel.swift in Sources */,
				AA000002000000000000001 /* SettingsViewModel.swift in Sources */,
				AA000001000000000000001 /* SettingsDefaults.swift in Sources */,
				A9000001000000000000001 /* UniqueNameResolver.swift in Sources */,
				A9000007000000000000001 /* RecordingFilename.swift in Sources */,
				A9000006000000000000001 /* SessionRestorePolicy.swift in Sources */,
				A9000005000000000000001 /* SessionCodec.swift in Sources */,
				A9000004000000000000001 /* PlaybackSession.swift in Sources */,
				A9000003000000000000001 /* QueueMath.swift in Sources */,
				AB000034000000000000001 /* ImportFilter.swift in Sources */,
				A9000002000000000000001 /* PathMatching.swift in Sources */,
				A9000008000000000000001 /* ScrubClamp.swift in Sources */,
				A9000009000000000000001 /* SelectionSet.swift in Sources */,
				A9000095000000000000001 /* QuickAction.swift in Sources */,
				86662FEC2EF7EAC1000577F1 /* AudioRecorderClient.swift in Sources */,
				86662FED2EF7EAC1000577F1 /* AudioTrimmerClient.swift in Sources */,
				8690789B2EEC9F8D005620F9 /* ArtworkClient.swift in Sources */,
			);
			runOnlyForDeploymentPostprocessing = 0;
		};
/* End PBXSourcesBuildPhase section */

/* Begin PBXTargetDependency section */
		9FD073A630248C9F0007DEBD /* PBXTargetDependency */ = {
			isa = PBXTargetDependency;
			target = A1000052000000000000001 /* SonicPlayer */;
			targetProxy = 9FD073A530248C9F0007DEBD /* PBXContainerItemProxy */;
		};
/* End PBXTargetDependency section */

/* Begin XCBuildConfiguration section */
		9FD073A730248C9F0007DEBD /* Debug */ = {
			isa = XCBuildConfiguration;
			buildSettings = {
				BUNDLE_LOADER = "$(TEST_HOST)";
				CODE_SIGN_STYLE = Automatic;
				CURRENT_PROJECT_VERSION = 1;
				DEVELOPMENT_TEAM = A3JC2SBNCR;
				GENERATE_INFOPLIST_FILE = YES;
				IPHONEOS_DEPLOYMENT_TARGET = 27.0;
				MARKETING_VERSION = 1.0;
				PRODUCT_BUNDLE_IDENTIFIER = co.SonicPlayerTests;
				PRODUCT_NAME = "$(TARGET_NAME)";
				STRING_CATALOG_GENERATE_SYMBOLS = NO;
				SWIFT_APPROACHABLE_CONCURRENCY = YES;
				SWIFT_EMIT_LOC_STRINGS = NO;
				SWIFT_UPCOMING_FEATURE_MEMBER_IMPORT_VISIBILITY = YES;
				SWIFT_VERSION = 5.0;
				TARGETED_DEVICE_FAMILY = "1,2";
				TEST_HOST = "$(BUILT_PRODUCTS_DIR)/SonicPlayer.app/$(BUNDLE_EXECUTABLE_FOLDER_PATH)/SonicPlayer";
			};
			name = Debug;
		};
		9FD073A830248C9F0007DEBD /* Release */ = {
			isa = XCBuildConfiguration;
			buildSettings = {
				BUNDLE_LOADER = "$(TEST_HOST)";
				CODE_SIGN_STYLE = Automatic;
				CURRENT_PROJECT_VERSION = 1;
				DEVELOPMENT_TEAM = A3JC2SBNCR;
				GENERATE_INFOPLIST_FILE = YES;
				IPHONEOS_DEPLOYMENT_TARGET = 27.0;
				MARKETING_VERSION = 1.0;
				PRODUCT_BUNDLE_IDENTIFIER = co.SonicPlayerTests;
				PRODUCT_NAME = "$(TARGET_NAME)";
				STRING_CATALOG_GENERATE_SYMBOLS = NO;
				SWIFT_APPROACHABLE_CONCURRENCY = YES;
				SWIFT_EMIT_LOC_STRINGS = NO;
				SWIFT_UPCOMING_FEATURE_MEMBER_IMPORT_VISIBILITY = YES;
				SWIFT_VERSION = 5.0;
				TARGETED_DEVICE_FAMILY = "1,2";
				TEST_HOST = "$(BUILT_PRODUCTS_DIR)/SonicPlayer.app/$(BUNDLE_EXECUTABLE_FOLDER_PATH)/SonicPlayer";
			};
			name = Release;
		};
		A1000059000000000000001 /* Debug */ = {
			isa = XCBuildConfiguration;
			buildSettings = {
				ALWAYS_SEARCH_USER_PATHS = NO;
				ASSETCATALOG_COMPILER_GENERATE_SWIFT_ASSET_SYMBOL_EXTENSIONS = YES;
				CLANG_ANALYZER_LOCALIZABILITY_NONLOCALIZED = YES;
				CLANG_ANALYZER_NONNULL = YES;
				CLANG_ANALYZER_NUMBER_OBJECT_CONVERSION = YES_AGGRESSIVE;
				CLANG_CXX_LANGUAGE_STANDARD = "gnu++20";
				CLANG_ENABLE_MODULES = YES;
				CLANG_ENABLE_OBJC_ARC = YES;
				CLANG_ENABLE_OBJC_WEAK = YES;
				CLANG_WARN_BLOCK_CAPTURE_AUTORELEASING = YES;
				CLANG_WARN_BOOL_CONVERSION = YES;
				CLANG_WARN_COMMA = YES;
				CLANG_WARN_CONSTANT_CONVERSION = YES;
				CLANG_WARN_DEPRECATED_OBJC_IMPLEMENTATIONS = YES;
				CLANG_WARN_DIRECT_OBJC_ISA_USAGE = YES_ERROR;
				CLANG_WARN_DOCUMENTATION_COMMENTS = YES;
				CLANG_WARN_EMPTY_BODY = YES;
				CLANG_WARN_ENUM_CONVERSION = YES;
				CLANG_WARN_INFINITE_RECURSION = YES;
				CLANG_WARN_INT_CONVERSION = YES;
				CLANG_WARN_NON_LITERAL_NULL_CONVERSION = YES;
				CLANG_WARN_OBJC_IMPLICIT_RETAIN_SELF = YES;
				CLANG_WARN_OBJC_LITERAL_CONVERSION = YES;
				CLANG_WARN_OBJC_ROOT_CLASS = YES_ERROR;
				CLANG_WARN_QUOTED_INCLUDE_IN_FRAMEWORK_HEADER = YES;
				CLANG_WARN_RANGE_LOOP_ANALYSIS = YES;
				CLANG_WARN_STRICT_PROTOTYPES = YES;
				CLANG_WARN_SUSPICIOUS_MOVE = YES;
				CLANG_WARN_UNGUARDED_AVAILABILITY = YES_AGGRESSIVE;
				CLANG_WARN_UNREACHABLE_CODE = YES;
				CLANG_WARN__DUPLICATE_METHOD_MATCH = YES;
				COPY_PHASE_STRIP = NO;
				DEBUG_INFORMATION_FORMAT = dwarf;
				DEVELOPMENT_TEAM = A3JC2SBNCR;
				ENABLE_STRICT_OBJC_MSGSEND = YES;
				ENABLE_TESTABILITY = YES;
				ENABLE_USER_SCRIPT_SANDBOXING = YES;
				GCC_C_LANGUAGE_STANDARD = gnu17;
				GCC_DYNAMIC_NO_PIC = NO;
				GCC_NO_COMMON_BLOCKS = YES;
				GCC_OPTIMIZATION_LEVEL = 0;
				GCC_PREPROCESSOR_DEFINITIONS = (
					"DEBUG=1",
					"$(inherited)",
				);
				GCC_WARN_64_TO_32_BIT_CONVERSION = YES;
				GCC_WARN_ABOUT_RETURN_TYPE = YES_ERROR;
				GCC_WARN_UNDECLARED_SELECTOR = YES;
				GCC_WARN_UNINITIALIZED_AUTOS = YES_AGGRESSIVE;
				GCC_WARN_UNUSED_FUNCTION = YES;
				GCC_WARN_UNUSED_VARIABLE = YES;
				IPHONEOS_DEPLOYMENT_TARGET = 18.0;
				LOCALIZATION_PREFERS_STRING_CATALOGS = YES;
				MTL_ENABLE_DEBUG_INFO = INCLUDE_SOURCE;
				MTL_FAST_MATH = YES;
				ONLY_ACTIVE_ARCH = YES;
				SDKROOT = iphoneos;
				STRING_CATALOG_GENERATE_SYMBOLS = YES;
				SWIFT_ACTIVE_COMPILATION_CONDITIONS = "DEBUG $(inherited)";
				SWIFT_EMIT_LOC_STRINGS = YES;
				SWIFT_OPTIMIZATION_LEVEL = "-Onone";
			};
			name = Debug;
		};
		A1000060000000000000001 /* Release */ = {
			isa = XCBuildConfiguration;
			buildSettings = {
				ALWAYS_SEARCH_USER_PATHS = NO;
				ASSETCATALOG_COMPILER_GENERATE_SWIFT_ASSET_SYMBOL_EXTENSIONS = YES;
				CLANG_ANALYZER_LOCALIZABILITY_NONLOCALIZED = YES;
				CLANG_ANALYZER_NONNULL = YES;
				CLANG_ANALYZER_NUMBER_OBJECT_CONVERSION = YES_AGGRESSIVE;
				CLANG_CXX_LANGUAGE_STANDARD = "gnu++20";
				CLANG_ENABLE_MODULES = YES;
				CLANG_ENABLE_OBJC_ARC = YES;
				CLANG_ENABLE_OBJC_WEAK = YES;
				CLANG_WARN_BLOCK_CAPTURE_AUTORELEASING = YES;
				CLANG_WARN_BOOL_CONVERSION = YES;
				CLANG_WARN_COMMA = YES;
				CLANG_WARN_CONSTANT_CONVERSION = YES;
				CLANG_WARN_DEPRECATED_OBJC_IMPLEMENTATIONS = YES;
				CLANG_WARN_DIRECT_OBJC_ISA_USAGE = YES_ERROR;
				CLANG_WARN_DOCUMENTATION_COMMENTS = YES;
				CLANG_WARN_EMPTY_BODY = YES;
				CLANG_WARN_ENUM_CONVERSION = YES;
				CLANG_WARN_INFINITE_RECURSION = YES;
				CLANG_WARN_INT_CONVERSION = YES;
				CLANG_WARN_NON_LITERAL_NULL_CONVERSION = YES;
				CLANG_WARN_OBJC_IMPLICIT_RETAIN_SELF = YES;
				CLANG_WARN_OBJC_LITERAL_CONVERSION = YES;
				CLANG_WARN_OBJC_ROOT_CLASS = YES_ERROR;
				CLANG_WARN_QUOTED_INCLUDE_IN_FRAMEWORK_HEADER = YES;
				CLANG_WARN_RANGE_LOOP_ANALYSIS = YES;
				CLANG_WARN_STRICT_PROTOTYPES = YES;
				CLANG_WARN_SUSPICIOUS_MOVE = YES;
				CLANG_WARN_UNGUARDED_AVAILABILITY = YES_AGGRESSIVE;
				CLANG_WARN_UNREACHABLE_CODE = YES;
				CLANG_WARN__DUPLICATE_METHOD_MATCH = YES;
				COPY_PHASE_STRIP = NO;
				DEBUG_INFORMATION_FORMAT = "dwarf-with-dsym";
				DEVELOPMENT_TEAM = A3JC2SBNCR;
				ENABLE_NS_ASSERTIONS = NO;
				ENABLE_STRICT_OBJC_MSGSEND = YES;
				ENABLE_USER_SCRIPT_SANDBOXING = YES;
				GCC_C_LANGUAGE_STANDARD = gnu17;
				GCC_NO_COMMON_BLOCKS = YES;
				GCC_WARN_64_TO_32_BIT_CONVERSION = YES;
				GCC_WARN_ABOUT_RETURN_TYPE = YES_ERROR;
				GCC_WARN_UNDECLARED_SELECTOR = YES;
				GCC_WARN_UNINITIALIZED_AUTOS = YES_AGGRESSIVE;
				GCC_WARN_UNUSED_FUNCTION = YES;
				GCC_WARN_UNUSED_VARIABLE = YES;
				IPHONEOS_DEPLOYMENT_TARGET = 18.0;
				LOCALIZATION_PREFERS_STRING_CATALOGS = YES;
				MTL_ENABLE_DEBUG_INFO = NO;
				MTL_FAST_MATH = YES;
				SDKROOT = iphoneos;
				STRING_CATALOG_GENERATE_SYMBOLS = YES;
				SWIFT_COMPILATION_MODE = wholemodule;
				SWIFT_EMIT_LOC_STRINGS = YES;
				VALIDATE_PRODUCT = YES;
			};
			name = Release;
		};
		A1000061000000000000001 /* Debug */ = {
			isa = XCBuildConfiguration;
			buildSettings = {
				ASSETCATALOG_COMPILER_APPICON_NAME = AppIcon;
				ASSETCATALOG_COMPILER_GLOBAL_ACCENT_COLOR_NAME = AccentColor;
				CODE_SIGN_ENTITLEMENTS = SonicPlayer/SonicPlayer.entitlements;
				CODE_SIGN_IDENTITY = "Apple Development";
				CODE_SIGN_STYLE = Automatic;
				CURRENT_PROJECT_VERSION = 16;
				ENABLE_PREVIEWS = YES;
				GENERATE_INFOPLIST_FILE = NO;
				INFOPLIST_FILE = SonicPlayer/Info.plist;
				INFOPLIST_KEY_LSApplicationCategoryType = "public.app-category.music";
				INFOPLIST_KEY_UIApplicationSceneManifest_Generation = YES;
				INFOPLIST_KEY_UIApplicationSupportsIndirectInputEvents = YES;
				INFOPLIST_KEY_UILaunchScreen_Generation = YES;
				INFOPLIST_KEY_UISupportedInterfaceOrientations = "UIInterfaceOrientationPortrait UIInterfaceOrientationPortraitUpsideDown";
				INFOPLIST_KEY_UISupportedInterfaceOrientations_iPad = "UIInterfaceOrientationPortrait UIInterfaceOrientationPortraitUpsideDown UIInterfaceOrientationLandscapeLeft UIInterfaceOrientationLandscapeRight";
				LD_RUNPATH_SEARCH_PATHS = (
					"$(inherited)",
					"@executable_path/Frameworks",
				);
				MARKETING_VERSION = 2.3.0;
				PRODUCT_BUNDLE_IDENTIFIER = com.hasan.sonicplayer;
				PRODUCT_NAME = "$(TARGET_NAME)";
				PROVISIONING_PROFILE_SPECIFIER = "";
				SWIFT_EMIT_LOC_STRINGS = YES;
				SWIFT_VERSION = 5.0;
				TARGETED_DEVICE_FAMILY = "1,2";
			};
			name = Debug;
		};
		A1000062000000000000001 /* Release */ = {
			isa = XCBuildConfiguration;
			buildSettings = {
				ASSETCATALOG_COMPILER_APPICON_NAME = AppIcon;
				ASSETCATALOG_COMPILER_GLOBAL_ACCENT_COLOR_NAME = AccentColor;
				CODE_SIGN_ENTITLEMENTS = SonicPlayer/SonicPlayer.entitlements;
				CODE_SIGN_IDENTITY = "Apple Development";
				CODE_SIGN_STYLE = Automatic;
				CURRENT_PROJECT_VERSION = 16;
				ENABLE_PREVIEWS = YES;
				GENERATE_INFOPLIST_FILE = NO;
				INFOPLIST_FILE = SonicPlayer/Info.plist;
				INFOPLIST_KEY_LSApplicationCategoryType = "public.app-category.music";
				INFOPLIST_KEY_UIApplicationSceneManifest_Generation = YES;
				INFOPLIST_KEY_UIApplicationSupportsIndirectInputEvents = YES;
				INFOPLIST_KEY_UILaunchScreen_Generation = YES;
				INFOPLIST_KEY_UISupportedInterfaceOrientations = "UIInterfaceOrientationPortrait UIInterfaceOrientationPortraitUpsideDown";
				INFOPLIST_KEY_UISupportedInterfaceOrientations_iPad = "UIInterfaceOrientationPortrait UIInterfaceOrientationPortraitUpsideDown UIInterfaceOrientationLandscapeLeft UIInterfaceOrientationLandscapeRight";
				LD_RUNPATH_SEARCH_PATHS = (
					"$(inherited)",
					"@executable_path/Frameworks",
				);
				MARKETING_VERSION = 2.3.0;
				PRODUCT_BUNDLE_IDENTIFIER = com.hasan.sonicplayer;
				PRODUCT_NAME = "$(TARGET_NAME)";
				PROVISIONING_PROFILE_SPECIFIER = "";
				SWIFT_EMIT_LOC_STRINGS = YES;
				SWIFT_VERSION = 5.0;
				TARGETED_DEVICE_FAMILY = "1,2";
			};
			name = Release;
		};
/* End XCBuildConfiguration section */

/* Begin XCConfigurationList section */
		9FD073A930248C9F0007DEBD /* Build configuration list for PBXNativeTarget "SonicPlayerTests" */ = {
			isa = XCConfigurationList;
			buildConfigurations = (
				9FD073A730248C9F0007DEBD /* Debug */,
				9FD073A830248C9F0007DEBD /* Release */,
			);
			defaultConfigurationIsVisible = 0;
			defaultConfigurationName = Release;
		};
		A1000053000000000000001 /* Build configuration list for PBXNativeTarget "SonicPlayer" */ = {
			isa = XCConfigurationList;
			buildConfigurations = (
				A1000061000000000000001 /* Debug */,
				A1000062000000000000001 /* Release */,
			);
			defaultConfigurationIsVisible = 0;
			defaultConfigurationName = Release;
		};
		A1000057000000000000001 /* Build configuration list for PBXProject "SonicPlayer" */ = {
			isa = XCConfigurationList;
			buildConfigurations = (
				A1000059000000000000001 /* Debug */,
				A1000060000000000000001 /* Release */,
			);
			defaultConfigurationIsVisible = 0;
			defaultConfigurationName = Release;
		};
/* End XCConfigurationList section */


	};
	rootObject = A1000056000000000000001 /* Project object */;
}
